
Microsoft Visual Studio Solution File, Format Version 12.00
# Visual Studio Version 16
VisualStudioVersion = 16.0.29306.81
MinimumVisualStudioVersion = 10.0.40219.1
Project("{FAE04EC0-301F-11D3-BF4B-00C04F79EFBC}") = "DynamicObjects", "DynamicObjects\DynamicObjects.csproj", "{EBE7EB8A-2555-4B0D-A612-C60BED1A09A7}"
EndProject
Global
	GlobalSection(SolutionConfigurationPlatforms) = preSolution
		Debug|Any CPU = Debug|Any CPU
		Release|Any CPU = Release|Any CPU
	EndGlobalSection
	GlobalSection(ProjectConfigurationPlatforms) = postSolution
		{EBE7EB8A-2555-4B0D-A612-C60BED1A09A7}.Debug|Any CPU.ActiveCfg = Debug|Any CPU
		{EBE7EB8A-2555-4B0D-A612-C60BED1A09A7}.Debug|Any CPU.Build.0 = Debug|Any CPU
		{EBE7EB8A-2555-4B0D-A612-C60BED1A09A7}.Release|Any CPU.ActiveCfg = Release|Any CPU
		{EBE7EB8A-2555-4B0D-A612-C60BED1A09A7}.Release|Any CPU.Build.0 = Release|Any CPU
	EndGlobalSection
	GlobalSection(SolutionProperties) = preSolution
		HideSolutionNode = FALSE
	EndGlobalSection
	GlobalSection(ExtensibilityGlobals) = postSolution
		SolutionGuid = {890043B9-E90E-4F71-9B2B-851024C5BB94}
	EndGlobalSection
EndGlobal
